<?xml version="1.0" encoding="UTF-8" standalone="yes" ?>
<CodeBlocks_project_file>
	<FileVersion major="1" minor="6" />
	<Project>
		<Option title="JR_Snake" />
		<Option pch_mode="2" />
		<Option compiler="gcc" />
		<Build>
			<Target title="Debug">
				<Option output="bin\Debug\JR_Snake" prefix_auto="1" extension_auto="1" />
				<Option object_output="obj\Debug\" />
				<Option type="1" />
				<Option compiler="gcc" />
				<Compiler>
					<Add option="-g" />
				</Compiler>
			</Target>
			<Target title="Release">
				<Option output="bin\Release\JR_Snake" prefix_auto="1" extension_auto="1" />
				<Option object_output="obj\Release\" />
				<Option type="1" />
				<Option compiler="gcc" />
				<Compiler>
					<Add option="-O2" />
				</Compiler>
				<Linker>
					<Add option="-s" />
				</Linker>
			</Target>
		</Build>
		<Compiler>
			<Add option="-Wall" />
		</Compiler>
		<Unit filename="JR_Cursor.c">
			<Option compilerVar="CC" />
		</Unit>
		<Unit filename="JR_Cursor.h" />
		<Unit filename="JR_KeyBoard.c">
			<Option compilerVar="CC" />
		</Unit>
		<Unit filename="JR_KeyBoard.h" />
		<Unit filename="JR_Random.c">
			<Option compilerVar="CC" />
		</Unit>
		<Unit filename="JR_Random.h" />
		<Unit filename="JR_timer.c">
			<Option compilerVar="CC" />
		</Unit>
		<Unit filename="JR_timer.h" />
		<Unit filename="main.c">
			<Option compilerVar="CC" />
		</Unit>
		<Unit filename="main.h" />
		<Unit filename="snake.c">
			<Option compilerVar="CC" />
		</Unit>
		<Unit filename="snake.h" />
		<Extensions>
			<code_completion />
			<envvars />
			<debugger />
			<lib_finder disable_auto="1" />
		</Extensions>
	</Project>
</CodeBlocks_project_file>
